
Microsoft Visual Studio Solution File, Format Version 12.00
# Visual Studio Version 17
VisualStudioVersion = 17.11.35222.181
MinimumVisualStudioVersion = 10.0.40219.1
Project("{8BC9CEB8-8B4A-11D0-8D11-00A0C91BC942}") = "CGT215_Brockman_Rachel_lab3", "CGT215_Brockman_Rachel_lab3\CGT215_Brockman_Rachel_lab3.vcxproj", "{90FF6945-ED74-4215-9CFB-C7ABB3A00938}"
EndProject
Global
	GlobalSection(SolutionConfigurationPlatforms) = preSolution
		Debug|x64 = Debug|x64
		Debug|x86 = Debug|x86
		Release|x64 = Release|x64
		Release|x86 = Release|x86
	EndGlobalSection
	GlobalSection(ProjectConfigurationPlatforms) = postSolution
		{90FF6945-ED74-4215-9CFB-C7ABB3A00938}.Debug|x64.ActiveCfg = Debug|x64
		{90FF6945-ED74-4215-9CFB-C7ABB3A00938}.Debug|x64.Build.0 = Debug|x64
		{90FF6945-ED74-4215-9CFB-C7ABB3A00938}.Debug|x86.ActiveCfg = Debug|Win32
		{90FF6945-ED74-4215-9CFB-C7ABB3A00938}.Debug|x86.Build.0 = Debug|Win32
		{90FF6945-ED74-4215-9CFB-C7ABB3A00938}.Release|x64.ActiveCfg = Release|x64
		{90FF6945-ED74-4215-9CFB-C7ABB3A00938}.Release|x64.Build.0 = Release|x64
		{90FF6945-ED74-4215-9CFB-C7ABB3A00938}.Release|x86.ActiveCfg = Release|Win32
		{90FF6945-ED74-4215-9CFB-C7ABB3A00938}.Release|x86.Build.0 = Release|Win32
	EndGlobalSection
	GlobalSection(SolutionProperties) = preSolution
		HideSolutionNode = FALSE
	EndGlobalSection
	GlobalSection(ExtensibilityGlobals) = postSolution
		SolutionGuid = {1ADE9087-F517-4FB1-AA9D-CAAA4441EE14}
	EndGlobalSection
EndGlobal
